
Microsoft Visual Studio Solution File, Format Version 12.00
# Visual Studio Version 17
VisualStudioVersion = 17.4.33213.308
MinimumVisualStudioVersion = 10.0.40219.1
Project("{9A19103F-16F7-4668-BE54-9A1E7A4F7556}") = "ChatApp.Core.Domain", "ChatApp.Core.Domain\ChatApp.Core.Domain.csproj", "{C6E1E523-2157-4F66-A332-FBFA6142A713}"
EndProject
Project("{9A19103F-16F7-4668-BE54-9A1E7A4F7556}") = "ChatApp.Core.Data", "ChatApp.Core.Data\ChatApp.Core.Data.csproj", "{634FD1DA-BBA9-4398-AD46-35D1CB75A6F2}"
EndProject
Project("{9A19103F-16F7-4668-BE54-9A1E7A4F7556}") = "ChatApp.Core.Service", "ChatApp.Core.Service\ChatApp.Core.Service.csproj", "{DAD2841F-E865-4863-B666-CEDE7B512898}"
EndProject
Project("{9A19103F-16F7-4668-BE54-9A1E7A4F7556}") = "ChatApp.Core.Api", "ChatApp.Core.Api\ChatApp.Core.Api.csproj", "{BBADA160-180D-4144-8026-B509F21E50FB}"
EndProject
Project("{FAE04EC0-301F-11D3-BF4B-00C04F79EFBC}") = "ChatApp.Core.Utils", "ChatApp.Core.Utils\ChatApp.Core.Utils.csproj", "{D17272DE-D528-408A-B93C-24046DD8ADFE}"
EndProject
Global
	GlobalSection(SolutionConfigurationPlatforms) = preSolution
		Debug|Any CPU = Debug|Any CPU
		Release|Any CPU = Release|Any CPU
	EndGlobalSection
	GlobalSection(ProjectConfigurationPlatforms) = postSolution
		{C6E1E523-2157-4F66-A332-FBFA6142A713}.Debug|Any CPU.ActiveCfg = Debug|Any CPU
		{C6E1E523-2157-4F66-A332-FBFA6142A713}.Debug|Any CPU.Build.0 = Debug|Any CPU
		{C6E1E523-2157-4F66-A332-FBFA6142A713}.Release|Any CPU.ActiveCfg = Release|Any CPU
		{C6E1E523-2157-4F66-A332-FBFA6142A713}.Release|Any CPU.Build.0 = Release|Any CPU
		{634FD1DA-BBA9-4398-AD46-35D1CB75A6F2}.Debug|Any CPU.ActiveCfg = Debug|Any CPU
		{634FD1DA-BBA9-4398-AD46-35D1CB75A6F2}.Debug|Any CPU.Build.0 = Debug|Any CPU
		{634FD1DA-BBA9-4398-AD46-35D1CB75A6F2}.Release|Any CPU.ActiveCfg = Release|Any CPU
		{634FD1DA-BBA9-4398-AD46-35D1CB75A6F2}.Release|Any CPU.Build.0 = Release|Any CPU
		{DAD2841F-E865-4863-B666-CEDE7B512898}.Debug|Any CPU.ActiveCfg = Debug|Any CPU
		{DAD2841F-E865-4863-B666-CEDE7B512898}.Debug|Any CPU.Build.0 = Debug|Any CPU
		{DAD2841F-E865-4863-B666-CEDE7B512898}.Release|Any CPU.ActiveCfg = Release|Any CPU
		{DAD2841F-E865-4863-B666-CEDE7B512898}.Release|Any CPU.Build.0 = Release|Any CPU
		{BBADA160-180D-4144-8026-B509F21E50FB}.Debug|Any CPU.ActiveCfg = Debug|Any CPU
		{BBADA160-180D-4144-8026-B509F21E50FB}.Debug|Any CPU.Build.0 = Debug|Any CPU
		{BBADA160-180D-4144-8026-B509F21E50FB}.Release|Any CPU.ActiveCfg = Release|Any CPU
		{BBADA160-180D-4144-8026-B509F21E50FB}.Release|Any CPU.Build.0 = Release|Any CPU
		{D17272DE-D528-408A-B93C-24046DD8ADFE}.Debug|Any CPU.ActiveCfg = Debug|Any CPU
		{D17272DE-D528-408A-B93C-24046DD8ADFE}.Debug|Any CPU.Build.0 = Debug|Any CPU
		{D17272DE-D528-408A-B93C-24046DD8ADFE}.Release|Any CPU.ActiveCfg = Release|Any CPU
		{D17272DE-D528-408A-B93C-24046DD8ADFE}.Release|Any CPU.Build.0 = Release|Any CPU
	EndGlobalSection
	GlobalSection(SolutionProperties) = preSolution
		HideSolutionNode = FALSE
	EndGlobalSection
	GlobalSection(ExtensibilityGlobals) = postSolution
		SolutionGuid = {F6AE9913-0C9C-4468-9181-F7477BE8451B}
	EndGlobalSection
EndGlobal
